Microsoft Visual Studio Solution File, Format Version 11.00
# Visual Studio 2008

Project("{F1F49145-C8EF-EB98-EDDD-972C96D1ABF2}") = "PlatfromShooter", "Assembly-CSharp.csproj", "{147BFBA4-314D-E664-76E5-68ACA3D01175}"
EndProject
Global
	GlobalSection(SolutionConfigurationPlatforms) = preSolution
		Debug|Any CPU = Debug|Any CPU
		Release|Any CPU = Release|Any CPU
	EndGlobalSection
	GlobalSection(ProjectConfigurationPlatforms) = postSolution
		{147BFBA4-314D-E664-76E5-68ACA3D01175}.Debug|Any CPU.ActiveCfg = Debug|Any CPU
		{147BFBA4-314D-E664-76E5-68ACA3D01175}.Debug|Any CPU.Build.0 = Debug|Any CPU
		{147BFBA4-314D-E664-76E5-68ACA3D01175}.Release|Any CPU.ActiveCfg = Release|Any CPU
		{147BFBA4-314D-E664-76E5-68ACA3D01175}.Release|Any CPU.Build.0 = Release|Any CPU
	EndGlobalSection
	GlobalSection(SolutionProperties) = preSolution
		HideSolutionNode = FALSE
	EndGlobalSection
	GlobalSection(MonoDevelopProperties) = preSolution
		StartupItem = Assembly-CSharp.csproj
	EndGlobalSection
EndGlobal
